// !$*UTF8*$!
{
	archiveVersion = 1;
	classes = {
	};
	objectVersion = 46;
	objects = {

/* Begin PBXBuildFile section */
		1073FE101CE2D27700E2F73F /* TabBarController.swift in Sources */ = {isa = PBXBuildFile; fileRef = 1073FE0F1CE2D27700E2F73F /* TabBarController.swift */; };
		10B872B11CDBFB7300C7D214 /* SignInViewController.swift in Sources */ = {isa = PBXBuildFile; fileRef = 10B872B01CDBFB7300C7D214 /* SignInViewController.swift */; };
		5F5A537E1ADE67D500F81DF0 /* AppDelegate.swift in Sources */ = {isa = PBXBuildFile; fileRef = 5F5A537D1ADE67D500F81DF0 /* AppDelegate.swift */; };
		73611F0720D2DE0D00FFAAAC /* GoogleService-Info.plist in Resources */ = {isa = PBXBuildFile; fileRef = 73611F0520D2DE0D00FFAAAC /* GoogleService-Info.plist */; };
		73611F1F20D2F33A00FFAAAC /* Images.xcassets in Resources */ = {isa = PBXBuildFile; fileRef = 73611F1920D2F33900FFAAAC /* Images.xcassets */; };
		73611F2120D2F33A00FFAAAC /* LaunchScreen.xib in Resources */ = {isa = PBXBuildFile; fileRef = 73611F1B20D2F33A00FFAAAC /* LaunchScreen.xib */; };
		73611F2420D2F38400FFAAAC /* Main.storyboard in Resources */ = {isa = PBXBuildFile; fileRef = 73611F2220D2F38300FFAAAC /* Main.storyboard */; };
		73611F2820D2F48100FFAAAC /* UIViewController+Alerts.m in Sources */ = {isa = PBXBuildFile; fileRef = 73611F2620D2F48100FFAAAC /* UIViewController+Alerts.m */; };
		73611F5220D323E300FFAAAC /* PublicKey.swift in Sources */ = {isa = PBXBuildFile; fileRef = 73611F3C20D323E300FFAAAC /* PublicKey.swift */; };
		73611F5320D323E300FFAAAC /* Comment.swift in Sources */ = {isa = PBXBuildFile; fileRef = 73611F3D20D323E300FFAAAC /* Comment.swift */; };
		73611F5420D323E300FFAAAC /* User.swift in Sources */ = {isa = PBXBuildFile; fileRef = 73611F3E20D323E300FFAAAC /* User.swift */; };
		73611F5520D323E300FFAAAC /* SharedKey.swift in Sources */ = {isa = PBXBuildFile; fileRef = 73611F3F20D323E300FFAAAC /* SharedKey.swift */; };
		73611F5620D323E300FFAAAC /* Post.swift in Sources */ = {isa = PBXBuildFile; fileRef = 73611F4020D323E300FFAAAC /* Post.swift */; };
		73611F5720D323E300FFAAAC /* NewShareViewController.swift in Sources */ = {isa = PBXBuildFile; fileRef = 73611F4220D323E300FFAAAC /* NewShareViewController.swift */; };
		73611F5920D323E300FFAAAC /* SharedKeysViewController.swift in Sources */ = {isa = PBXBuildFile; fileRef = 73611F4420D323E300FFAAAC /* SharedKeysViewController.swift */; };
		73611F5A20D323E300FFAAAC /* PublicKeysViewController.swift in Sources */ = {isa = PBXBuildFile; fileRef = 73611F4620D323E300FFAAAC /* PublicKeysViewController.swift */; };
		73611F5B20D323E300FFAAAC /* NewPublicKeyViewController.swift in Sources */ = {isa = PBXBuildFile; fileRef = 73611F4720D323E300FFAAAC /* NewPublicKeyViewController.swift */; };
		73611F5C20D323E300FFAAAC /* PostListViewController.swift in Sources */ = {isa = PBXBuildFile; fileRef = 73611F4920D323E300FFAAAC /* PostListViewController.swift */; };
		73611F5D20D323E300FFAAAC /* NewPostViewController.swift in Sources */ = {isa = PBXBuildFile; fileRef = 73611F4A20D323E300FFAAAC /* NewPostViewController.swift */; };
		73611F5E20D323E300FFAAAC /* RecentPostsViewController.swift in Sources */ = {isa = PBXBuildFile; fileRef = 73611F4B20D323E300FFAAAC /* RecentPostsViewController.swift */; };
		73611F5F20D323E300FFAAAC /* MyPostsViewController.swift in Sources */ = {isa = PBXBuildFile; fileRef = 73611F4C20D323E300FFAAAC /* MyPostsViewController.swift */; };
		73611F6020D323E300FFAAAC /* PostTableViewCell.swift in Sources */ = {isa = PBXBuildFile; fileRef = 73611F4E20D323E300FFAAAC /* PostTableViewCell.swift */; };
		73611F6120D323E300FFAAAC /* PostTableViewCell.xib in Resources */ = {isa = PBXBuildFile; fileRef = 73611F4F20D323E300FFAAAC /* PostTableViewCell.xib */; };
		73611F6220D323E300FFAAAC /* PostDetailTableViewController.swift in Sources */ = {isa = PBXBuildFile; fileRef = 73611F5020D323E300FFAAAC /* PostDetailTableViewController.swift */; };
		73611F6320D323E300FFAAAC /* PostDataSource.swift in Sources */ = {isa = PBXBuildFile; fileRef = 73611F5120D323E300FFAAAC /* PostDataSource.swift */; };
		73611F6620D3241000FFAAAC /* SharedKeyTableViewCell.xib in Resources */ = {isa = PBXBuildFile; fileRef = 73611F6520D3241000FFAAAC /* SharedKeyTableViewCell.xib */; };
		73611F6820D3242A00FFAAAC /* SharedKeyTableViewCell.swift in Sources */ = {isa = PBXBuildFile; fileRef = 73611F6720D3242A00FFAAAC /* SharedKeyTableViewCell.swift */; };
		8CCE13CD665DDFA1445BB3A2 /* Pods_SecurePostsExample.framework in Frameworks */ = {isa = PBXBuildFile; fileRef = AEE920E8B1D318D11BC2B666 /* Pods_SecurePostsExample.framework */; };
/* End PBXBuildFile section */

/* Begin PBXFileReference section */
		1073FE0F1CE2D27700E2F73F /* TabBarController.swift */ = {isa = PBXFileReference; fileEncoding = 4; lastKnownFileType = sourcecode.swift; path = TabBarController.swift; sourceTree = "<group>"; };
		10B872B01CDBFB7300C7D214 /* SignInViewController.swift */ = {isa = PBXFileReference; fileEncoding = 4; lastKnownFileType = sourcecode.swift; path = SignInViewController.swift; sourceTree = "<group>"; };
		1930BE5C00D48AC26C5F2395 /* Pods-SecurePostsExample.release.xcconfig */ = {isa = PBXFileReference; includeInIndex = 1; lastKnownFileType = text.xcconfig; name = "Pods-SecurePostsExample.release.xcconfig"; path = "Pods/Target Support Files/Pods-SecurePostsExample/Pods-SecurePostsExample.release.xcconfig"; sourceTree = "<group>"; };
		5F5A53791ADE67D500F81DF0 /* SecurePostsExample.app */ = {isa = PBXFileReference; explicitFileType = wrapper.application; includeInIndex = 0; path = SecurePostsExample.app; sourceTree = BUILT_PRODUCTS_DIR; };
		5F5A537D1ADE67D500F81DF0 /* AppDelegate.swift */ = {isa = PBXFileReference; lastKnownFileType = sourcecode.swift; path = AppDelegate.swift; sourceTree = "<group>"; };
		73611F0520D2DE0D00FFAAAC /* GoogleService-Info.plist */ = {isa = PBXFileReference; fileEncoding = 4; lastKnownFileType = text.plist.xml; path = "GoogleService-Info.plist"; sourceTree = "<group>"; };
		73611F1920D2F33900FFAAAC /* Images.xcassets */ = {isa = PBXFileReference; lastKnownFileType = folder.assetcatalog; name = Images.xcassets; path = SecurePostsExample/Images.xcassets; sourceTree = SOURCE_ROOT; };
		73611F1A20D2F33A00FFAAAC /* Info.plist */ = {isa = PBXFileReference; fileEncoding = 4; lastKnownFileType = text.plist.xml; name = Info.plist; path = SecurePostsExample/Info.plist; sourceTree = SOURCE_ROOT; };
		73611F1B20D2F33A00FFAAAC /* LaunchScreen.xib */ = {isa = PBXFileReference; fileEncoding = 4; lastKnownFileType = file.xib; name = LaunchScreen.xib; path = SecurePostsExample/LaunchScreen.xib; sourceTree = SOURCE_ROOT; };
		73611F2320D2F38300FFAAAC /* Base */ = {isa = PBXFileReference; lastKnownFileType = file.storyboard; name = Base; path = SecurePostsExample/Base.lproj/Main.storyboard; sourceTree = SOURCE_ROOT; };
		73611F2520D2F41500FFAAAC /* SecurePostsExample-Bridging-Header.h */ = {isa = PBXFileReference; fileEncoding = 4; lastKnownFileType = sourcecode.c.h; name = "SecurePostsExample-Bridging-Header.h"; path = "SecurePostsExample/SecurePostsExample-Bridging-Header.h"; sourceTree = SOURCE_ROOT; };
		73611F2620D2F48100FFAAAC /* UIViewController+Alerts.m */ = {isa = PBXFileReference; fileEncoding = 4; lastKnownFileType = sourcecode.c.objc; name = "UIViewController+Alerts.m"; path = "SecurePostsExample/UIViewController+Alerts.m"; sourceTree = SOURCE_ROOT; };
		73611F2720D2F48100FFAAAC /* UIViewController+Alerts.h */ = {isa = PBXFileReference; fileEncoding = 4; lastKnownFileType = sourcecode.c.h; name = "UIViewController+Alerts.h"; path = "SecurePostsExample/UIViewController+Alerts.h"; sourceTree = SOURCE_ROOT; };
		73611F3C20D323E300FFAAAC /* PublicKey.swift */ = {isa = PBXFileReference; fileEncoding = 4; lastKnownFileType = sourcecode.swift; path = PublicKey.swift; sourceTree = "<group>"; };
		73611F3D20D323E300FFAAAC /* Comment.swift */ = {isa = PBXFileReference; fileEncoding = 4; lastKnownFileType = sourcecode.swift; path = Comment.swift; sourceTree = "<group>"; };
		73611F3E20D323E300FFAAAC /* User.swift */ = {isa = PBXFileReference; fileEncoding = 4; lastKnownFileType = sourcecode.swift; path = User.swift; sourceTree = "<group>"; };
		73611F3F20D323E300FFAAAC /* SharedKey.swift */ = {isa = PBXFileReference; fileEncoding = 4; lastKnownFileType = sourcecode.swift; path = SharedKey.swift; sourceTree = "<group>"; };
		73611F4020D323E300FFAAAC /* Post.swift */ = {isa = PBXFileReference; fileEncoding = 4; lastKnownFileType = sourcecode.swift; path = Post.swift; sourceTree = "<group>"; };
		73611F4220D323E300FFAAAC /* NewShareViewController.swift */ = {isa = PBXFileReference; fileEncoding = 4; lastKnownFileType = sourcecode.swift; path = NewShareViewController.swift; sourceTree = "<group>"; };
		73611F4420D323E300FFAAAC /* SharedKeysViewController.swift */ = {isa = PBXFileReference; fileEncoding = 4; lastKnownFileType = sourcecode.swift; path = SharedKeysViewController.swift; sourceTree = "<group>"; };
		73611F4620D323E300FFAAAC /* PublicKeysViewController.swift */ = {isa = PBXFileReference; fileEncoding = 4; lastKnownFileType = sourcecode.swift; path = PublicKeysViewController.swift; sourceTree = "<group>"; };
		73611F4720D323E300FFAAAC /* NewPublicKeyViewController.swift */ = {isa = PBXFileReference; fileEncoding = 4; lastKnownFileType = sourcecode.swift; path = NewPublicKeyViewController.swift; sourceTree = "<group>"; };
		73611F4920D323E300FFAAAC /* PostListViewController.swift */ = {isa = PBXFileReference; fileEncoding = 4; lastKnownFileType = sourcecode.swift; path = PostListViewController.swift; sourceTree = "<group>"; };
		73611F4A20D323E300FFAAAC /* NewPostViewController.swift */ = {isa = PBXFileReference; fileEncoding = 4; lastKnownFileType = sourcecode.swift; path = NewPostViewController.swift; sourceTree = "<group>"; };
		73611F4B20D323E300FFAAAC /* RecentPostsViewController.swift */ = {isa = PBXFileReference; fileEncoding = 4; lastKnownFileType = sourcecode.swift; path = RecentPostsViewController.swift; sourceTree = "<group>"; };
		73611F4C20D323E300FFAAAC /* MyPostsViewController.swift */ = {isa = PBXFileReference; fileEncoding = 4; lastKnownFileType = sourcecode.swift; path = MyPostsViewController.swift; sourceTree = "<group>"; };
		73611F4E20D323E300FFAAAC /* PostTableViewCell.swift */ = {isa = PBXFileReference; fileEncoding = 4; lastKnownFileType = sourcecode.swift; path = PostTableViewCell.swift; sourceTree = "<group>"; };
		73611F4F20D323E300FFAAAC /* PostTableViewCell.xib */ = {isa = PBXFileReference; fileEncoding = 4; lastKnownFileType = file.xib; path = PostTableViewCell.xib; sourceTree = "<group>"; };
		73611F5020D323E300FFAAAC /* PostDetailTableViewController.swift */ = {isa = PBXFileReference; fileEncoding = 4; lastKnownFileType = sourcecode.swift; path = PostDetailTableViewController.swift; sourceTree = "<group>"; };
		73611F5120D323E300FFAAAC /* PostDataSource.swift */ = {isa = PBXFileReference; fileEncoding = 4; lastKnownFileType = sourcecode.swift; path = PostDataSource.swift; sourceTree = "<group>"; };
		73611F6520D3241000FFAAAC /* SharedKeyTableViewCell.xib */ = {isa = PBXFileReference; fileEncoding = 4; lastKnownFileType = file.xib; path = SharedKeyTableViewCell.xib; sourceTree = "<group>"; };
		73611F6720D3242A00FFAAAC /* SharedKeyTableViewCell.swift */ = {isa = PBXFileReference; lastKnownFileType = sourcecode.swift; path = SharedKeyTableViewCell.swift; sourceTree = "<group>"; };
		AEE920E8B1D318D11BC2B666 /* Pods_SecurePostsExample.framework */ = {isa = PBXFileReference; explicitFileType = wrapper.framework; includeInIndex = 0; path = Pods_SecurePostsExample.framework; sourceTree = BUILT_PRODUCTS_DIR; };
		D03378B536F777E174192EBE /* Pods-SecurePostsExample.debug.xcconfig */ = {isa = PBXFileReference; includeInIndex = 1; lastKnownFileType = text.xcconfig; name = "Pods-SecurePostsExample.debug.xcconfig"; path = "Pods/Target Support Files/Pods-SecurePostsExample/Pods-SecurePostsExample.debug.xcconfig"; sourceTree = "<group>"; };
/* End PBXFileReference section */

/* Begin PBXFrameworksBuildPhase section */
		5F5A53761ADE67D500F81DF0 /* Frameworks */ = {
			isa = PBXFrameworksBuildPhase;
			buildActionMask = 2147483647;
			files = (
				8CCE13CD665DDFA1445BB3A2 /* Pods_SecurePostsExample.framework in Frameworks */,
			);
			runOnlyForDeploymentPostprocessing = 0;
		};
/* End PBXFrameworksBuildPhase section */

/* Begin PBXGroup section */
		10B872AF1CDBFB2700C7D214 /* ViewControllers */ = {
			isa = PBXGroup;
			children = (
				10B872B01CDBFB7300C7D214 /* SignInViewController.swift */,
				1073FE0F1CE2D27700E2F73F /* TabBarController.swift */,
			);
			name = ViewControllers;
			sourceTree = "<group>";
		};
		1F9543D2EE1A12DB4676B55F /* Pods */ = {
			isa = PBXGroup;
			children = (
				D03378B536F777E174192EBE /* Pods-SecurePostsExample.debug.xcconfig */,
				1930BE5C00D48AC26C5F2395 /* Pods-SecurePostsExample.release.xcconfig */,
			);
			name = Pods;
			sourceTree = "<group>";
		};
		5F5A53431ADE670C00F81DF0 = {
			isa = PBXGroup;
			children = (
				5F5A537A1ADE67D500F81DF0 /* SecurePostsExample */,
				5F5A534D1ADE670C00F81DF0 /* Products */,
				1F9543D2EE1A12DB4676B55F /* Pods */,
				B1CC1AAB0A285466581AF9C6 /* Frameworks */,
			);
			sourceTree = "<group>";
			wrapsLines = 0;
		};
		5F5A534D1ADE670C00F81DF0 /* Products */ = {
			isa = PBXGroup;
			children = (
				5F5A53791ADE67D500F81DF0 /* SecurePostsExample.app */,
			);
			name = Products;
			sourceTree = "<group>";
		};
		5F5A534F1ADE670C00F81DF0 /* Supporting Files */ = {
			isa = PBXGroup;
			children = (
				73611F2720D2F48100FFAAAC /* UIViewController+Alerts.h */,
				73611F2620D2F48100FFAAAC /* UIViewController+Alerts.m */,
				73611F2520D2F41500FFAAAC /* SecurePostsExample-Bridging-Header.h */,
				73611F1920D2F33900FFAAAC /* Images.xcassets */,
				73611F1A20D2F33A00FFAAAC /* Info.plist */,
				73611F1B20D2F33A00FFAAAC /* LaunchScreen.xib */,
				73611F2220D2F38300FFAAAC /* Main.storyboard */,
			);
			name = "Supporting Files";
			sourceTree = "<group>";
		};
		5F5A537A1ADE67D500F81DF0 /* SecurePostsExample */ = {
			isa = PBXGroup;
			children = (
				73611F0520D2DE0D00FFAAAC /* GoogleService-Info.plist */,
				5F5A537D1ADE67D500F81DF0 /* AppDelegate.swift */,
				73611F3B20D323E300FFAAAC /* Models */,
				73611F4820D323E300FFAAAC /* Posts */,
				73611F4520D323E300FFAAAC /* Public Keys */,
				73611F4120D323E300FFAAAC /* SharedKeys */,
				5F5A534F1ADE670C00F81DF0 /* Supporting Files */,
				10B872AF1CDBFB2700C7D214 /* ViewControllers */,
			);
			path = SecurePostsExample;
			sourceTree = "<group>";
		};
		73611F3B20D323E300FFAAAC /* Models */ = {
			isa = PBXGroup;
			children = (
				73611F3C20D323E300FFAAAC /* PublicKey.swift */,
				73611F3D20D323E300FFAAAC /* Comment.swift */,
				73611F3E20D323E300FFAAAC /* User.swift */,
				73611F3F20D323E300FFAAAC /* SharedKey.swift */,
				73611F4020D323E300FFAAAC /* Post.swift */,
			);
			path = Models;
			sourceTree = "<group>";
		};
		73611F4120D323E300FFAAAC /* SharedKeys */ = {
			isa = PBXGroup;
			children = (
				73611F6420D3241000FFAAAC /* Cell */,
				73611F4220D323E300FFAAAC /* NewShareViewController.swift */,
				73611F4420D323E300FFAAAC /* SharedKeysViewController.swift */,
			);
			path = SharedKeys;
			sourceTree = "<group>";
		};
		73611F4520D323E300FFAAAC /* Public Keys */ = {
			isa = PBXGroup;
			children = (
				73611F4620D323E300FFAAAC /* PublicKeysViewController.swift */,
				73611F4720D323E300FFAAAC /* NewPublicKeyViewController.swift */,
			);
			path = "Public Keys";
			sourceTree = "<group>";
		};
		73611F4820D323E300FFAAAC /* Posts */ = {
			isa = PBXGroup;
			children = (
				73611F4D20D323E300FFAAAC /* Cell */,
				73611F4920D323E300FFAAAC /* PostListViewController.swift */,
				73611F4A20D323E300FFAAAC /* NewPostViewController.swift */,
				73611F4B20D323E300FFAAAC /* RecentPostsViewController.swift */,
				73611F4C20D323E300FFAAAC /* MyPostsViewController.swift */,
				73611F5020D323E300FFAAAC /* PostDetailTableViewController.swift */,
				73611F5120D323E300FFAAAC /* PostDataSource.swift */,
			);
			path = Posts;
			sourceTree = "<group>";
		};
		73611F4D20D323E300FFAAAC /* Cell */ = {
			isa = PBXGroup;
			children = (
				73611F4E20D323E300FFAAAC /* PostTableViewCell.swift */,
				73611F4F20D323E300FFAAAC /* PostTableViewCell.xib */,
			);
			path = Cell;
			sourceTree = "<group>";
		};
		73611F6420D3241000FFAAAC /* Cell */ = {
			isa = PBXGroup;
			children = (
				73611F6520D3241000FFAAAC /* SharedKeyTableViewCell.xib */,
				73611F6720D3242A00FFAAAC /* SharedKeyTableViewCell.swift */,
			);
			path = Cell;
			sourceTree = "<group>";
		};
		B1CC1AAB0A285466581AF9C6 /* Frameworks */ = {
			isa = PBXGroup;
			children = (
				AEE920E8B1D318D11BC2B666 /* Pods_SecurePostsExample.framework */,
			);
			name = Frameworks;
			sourceTree = "<group>";
		};
/* End PBXGroup section */

/* Begin PBXNativeTarget section */
		5F5A53781ADE67D500F81DF0 /* SecurePostsExample */ = {
			isa = PBXNativeTarget;
			buildConfigurationList = 5F5A53991ADE67D500F81DF0 /* Build configuration list for PBXNativeTarget "SecurePostsExample" */;
			buildPhases = (
				DEB1DDD2A8CCB9FD4CFBDAF8 /* [CP] Check Pods Manifest.lock */,
				5F5A53751ADE67D500F81DF0 /* Sources */,
				5F5A53761ADE67D500F81DF0 /* Frameworks */,
				5F5A53771ADE67D500F81DF0 /* Resources */,
				379D5CCABDE1A9B9F5CFFC29 /* [CP] Embed Pods Frameworks */,
			);
			buildRules = (
			);
			dependencies = (
			);
			name = SecurePostsExample;
			productName = DatabaseExampleSwift;
			productReference = 5F5A53791ADE67D500F81DF0 /* SecurePostsExample.app */;
			productType = "com.apple.product-type.application";
		};
/* End PBXNativeTarget section */

/* Begin PBXProject section */
		5F5A53441ADE670C00F81DF0 /* Project object */ = {
			isa = PBXProject;
			attributes = {
				LastSwiftUpdateCheck = 0920;
				LastUpgradeCheck = 0930;
				ORGANIZATIONNAME = "Google Inc.";
				TargetAttributes = {
					5F5A53781ADE67D500F81DF0 = {
						CreatedOnToolsVersion = 6.3;
						LastSwiftMigration = 0900;
						ProvisioningStyle = Automatic;
					};
				};
			};
			buildConfigurationList = 5F5A53471ADE670C00F81DF0 /* Build configuration list for PBXProject "SecurePostsExample" */;
			compatibilityVersion = "Xcode 3.2";
			developmentRegion = English;
			hasScannedForEncodings = 0;
			knownRegions = (
				en,
				Base,
			);
			mainGroup = 5F5A53431ADE670C00F81DF0;
			productRefGroup = 5F5A534D1ADE670C00F81DF0 /* Products */;
			projectDirPath = "";
			projectRoot = "";
			targets = (
				5F5A53781ADE67D500F81DF0 /* SecurePostsExample */,
			);
		};
/* End PBXProject section */

/* Begin PBXResourcesBuildPhase section */
		5F5A53771ADE67D500F81DF0 /* Resources */ = {
			isa = PBXResourcesBuildPhase;
			buildActionMask = 2147483647;
			files = (
				73611F6620D3241000FFAAAC /* SharedKeyTableViewCell.xib in Resources */,
				73611F2420D2F38400FFAAAC /* Main.storyboard in Resources */,
				73611F1F20D2F33A00FFAAAC /* Images.xcassets in Resources */,
				73611F2120D2F33A00FFAAAC /* LaunchScreen.xib in Resources */,
				73611F6120D323E300FFAAAC /* PostTableViewCell.xib in Resources */,
				73611F0720D2DE0D00FFAAAC /* GoogleService-Info.plist in Resources */,
			);
			runOnlyForDeploymentPostprocessing = 0;
		};
/* End PBXResourcesBuildPhase section */

/* Begin PBXShellScriptBuildPhase section */
		379D5CCABDE1A9B9F5CFFC29 /* [CP] Embed Pods Frameworks */ = {
			isa = PBXShellScriptBuildPhase;
			buildActionMask = 2147483647;
			files = (
			);
			inputPaths = (
				"${SRCROOT}/Pods/Target Support Files/Pods-SecurePostsExample/Pods-SecurePostsExample-frameworks.sh",
				"${PODS_ROOT}/GRKOpenSSLFramework/OpenSSL-iOS/bin/openssl.framework",
				"${BUILT_PRODUCTS_DIR}/GTMSessionFetcher/GTMSessionFetcher.framework",
				"${BUILT_PRODUCTS_DIR}/GoogleToolboxForMac/GoogleToolboxForMac.framework",
				"${BUILT_PRODUCTS_DIR}/leveldb-library/leveldb.framework",
				"${BUILT_PRODUCTS_DIR}/nanopb/nanopb.framework",
				"${BUILT_PRODUCTS_DIR}/themis/themis.framework",
			);
			name = "[CP] Embed Pods Frameworks";
			outputPaths = (
				"${TARGET_BUILD_DIR}/${FRAMEWORKS_FOLDER_PATH}/openssl.framework",
				"${TARGET_BUILD_DIR}/${FRAMEWORKS_FOLDER_PATH}/GTMSessionFetcher.framework",
				"${TARGET_BUILD_DIR}/${FRAMEWORKS_FOLDER_PATH}/GoogleToolboxForMac.framework",
				"${TARGET_BUILD_DIR}/${FRAMEWORKS_FOLDER_PATH}/leveldb.framework",
				"${TARGET_BUILD_DIR}/${FRAMEWORKS_FOLDER_PATH}/nanopb.framework",
				"${TARGET_BUILD_DIR}/${FRAMEWORKS_FOLDER_PATH}/themis.framework",
			);
			runOnlyForDeploymentPostprocessing = 0;
			shellPath = /bin/sh;
			shellScript = "\"${SRCROOT}/Pods/Target Support Files/Pods-SecurePostsExample/Pods-SecurePostsExample-frameworks.sh\"\n";
			showEnvVarsInLog = 0;
		};
		DEB1DDD2A8CCB9FD4CFBDAF8 /* [CP] Check Pods Manifest.lock */ = {
			isa = PBXShellScriptBuildPhase;
			buildActionMask = 2147483647;
			files = (
			);
			inputPaths = (
				"${PODS_PODFILE_DIR_PATH}/Podfile.lock",
				"${PODS_ROOT}/Manifest.lock",
			);
			name = "[CP] Check Pods Manifest.lock";
			outputPaths = (
				"$(DERIVED_FILE_DIR)/Pods-SecurePostsExample-checkManifestLockResult.txt",
			);
			runOnlyForDeploymentPostprocessing = 0;
			shellPath = /bin/sh;
			shellScript = "diff \"${PODS_PODFILE_DIR_PATH}/Podfile.lock\" \"${PODS_ROOT}/Manifest.lock\" > /dev/null\nif [ $? != 0 ] ; then\n    # print error to STDERR\n    echo \"error: The sandbox is not in sync with the Podfile.lock. Run 'pod install' or update your CocoaPods installation.\" >&2\n    exit 1\nfi\n# This output is used by Xcode 'outputs' to avoid re-running this script phase.\necho \"SUCCESS\" > \"${SCRIPT_OUTPUT_FILE_0}\"\n";
			showEnvVarsInLog = 0;
		};
/* End PBXShellScriptBuildPhase section */

/* Begin PBXSourcesBuildPhase section */
		5F5A53751ADE67D500F81DF0 /* Sources */ = {
			isa = PBXSourcesBuildPhase;
			buildActionMask = 2147483647;
			files = (
				73611F6820D3242A00FFAAAC /* SharedKeyTableViewCell.swift in Sources */,
				73611F6320D323E300FFAAAC /* PostDataSource.swift in Sources */,
				73611F5C20D323E300FFAAAC /* PostListViewController.swift in Sources */,
				73611F5220D323E300FFAAAC /* PublicKey.swift in Sources */,
				73611F5720D323E300FFAAAC /* NewShareViewController.swift in Sources */,
				73611F5E20D323E300FFAAAC /* RecentPostsViewController.swift in Sources */,
				73611F5320D323E300FFAAAC /* Comment.swift in Sources */,
				73611F5F20D323E300FFAAAC /* MyPostsViewController.swift in Sources */,
				73611F5A20D323E300FFAAAC /* PublicKeysViewController.swift in Sources */,
				73611F5520D323E300FFAAAC /* SharedKey.swift in Sources */,
				10B872B11CDBFB7300C7D214 /* SignInViewController.swift in Sources */,
				5F5A537E1ADE67D500F81DF0 /* AppDelegate.swift in Sources */,
				73611F6220D323E300FFAAAC /* PostDetailTableViewController.swift in Sources */,
				73611F2820D2F48100FFAAAC /* UIViewController+Alerts.m in Sources */,
				73611F5920D323E300FFAAAC /* SharedKeysViewController.swift in Sources */,
				73611F5B20D323E300FFAAAC /* NewPublicKeyViewController.swift in Sources */,
				73611F5620D323E300FFAAAC /* Post.swift in Sources */,
				1073FE101CE2D27700E2F73F /* TabBarController.swift in Sources */,
				73611F5420D323E300FFAAAC /* User.swift in Sources */,
				73611F5D20D323E300FFAAAC /* NewPostViewController.swift in Sources */,
				73611F6020D323E300FFAAAC /* PostTableViewCell.swift in Sources */,
			);
			runOnlyForDeploymentPostprocessing = 0;
		};
/* End PBXSourcesBuildPhase section */

/* Begin PBXVariantGroup section */
		73611F2220D2F38300FFAAAC /* Main.storyboard */ = {
			isa = PBXVariantGroup;
			children = (
				73611F2320D2F38300FFAAAC /* Base */,
			);
			name = Main.storyboard;
			sourceTree = "<group>";
		};
/* End PBXVariantGroup section */

/* Begin XCBuildConfiguration section */
		5F5A536D1ADE670C00F81DF0 /* Debug */ = {
			isa = XCBuildConfiguration;
			buildSettings = {
				ALWAYS_SEARCH_USER_PATHS = NO;
				CLANG_CXX_LANGUAGE_STANDARD = "gnu++0x";
				CLANG_CXX_LIBRARY = "libc++";
				CLANG_ENABLE_MODULES = YES;
				CLANG_ENABLE_OBJC_ARC = YES;
				CLANG_WARN_BLOCK_CAPTURE_AUTORELEASING = YES;
				CLANG_WARN_BOOL_CONVERSION = YES;
				CLANG_WARN_COMMA = YES;
				CLANG_WARN_CONSTANT_CONVERSION = YES;
				CLANG_WARN_DEPRECATED_OBJC_IMPLEMENTATIONS = YES;
				CLANG_WARN_DIRECT_OBJC_ISA_USAGE = YES_ERROR;
				CLANG_WARN_EMPTY_BODY = YES;
				CLANG_WARN_ENUM_CONVERSION = YES;
				CLANG_WARN_INFINITE_RECURSION = YES;
				CLANG_WARN_INT_CONVERSION = YES;
				CLANG_WARN_NON_LITERAL_NULL_CONVERSION = YES;
				CLANG_WARN_OBJC_IMPLICIT_RETAIN_SELF = YES;
				CLANG_WARN_OBJC_LITERAL_CONVERSION = YES;
				CLANG_WARN_OBJC_ROOT_CLASS = YES_ERROR;
				CLANG_WARN_RANGE_LOOP_ANALYSIS = YES;
				CLANG_WARN_STRICT_PROTOTYPES = YES;
				CLANG_WARN_SUSPICIOUS_MOVE = YES;
				CLANG_WARN_UNREACHABLE_CODE = YES;
				CLANG_WARN__DUPLICATE_METHOD_MATCH = YES;
				"CODE_SIGN_IDENTITY[sdk=iphoneos*]" = "iPhone Developer";
				COPY_PHASE_STRIP = NO;
				ENABLE_BITCODE = NO;
				ENABLE_STRICT_OBJC_MSGSEND = YES;
				ENABLE_TESTABILITY = YES;
				GCC_C_LANGUAGE_STANDARD = gnu99;
				GCC_DYNAMIC_NO_PIC = NO;
				GCC_NO_COMMON_BLOCKS = YES;
				GCC_OPTIMIZATION_LEVEL = 0;
				GCC_PREPROCESSOR_DEFINITIONS = (
					"DEBUG=1",
					"$(inherited)",
				);
				GCC_SYMBOLS_PRIVATE_EXTERN = NO;
				GCC_WARN_64_TO_32_BIT_CONVERSION = YES;
				GCC_WARN_ABOUT_RETURN_TYPE = YES_ERROR;
				GCC_WARN_UNDECLARED_SELECTOR = YES;
				GCC_WARN_UNINITIALIZED_AUTOS = YES_AGGRESSIVE;
				GCC_WARN_UNUSED_FUNCTION = YES;
				GCC_WARN_UNUSED_VARIABLE = YES;
				IPHONEOS_DEPLOYMENT_TARGET = 8.0;
				MTL_ENABLE_DEBUG_INFO = YES;
				ONLY_ACTIVE_ARCH = YES;
				SDKROOT = iphoneos;
				SWIFT_OPTIMIZATION_LEVEL = "-Onone";
				TARGETED_DEVICE_FAMILY = "1,2";
			};
			name = Debug;
		};
		5F5A536E1ADE670C00F81DF0 /* Release */ = {
			isa = XCBuildConfiguration;
			buildSettings = {
				ALWAYS_SEARCH_USER_PATHS = NO;
				CLANG_CXX_LANGUAGE_STANDARD = "gnu++0x";
				CLANG_CXX_LIBRARY = "libc++";
				CLANG_ENABLE_MODULES = YES;
				CLANG_ENABLE_OBJC_ARC = YES;
				CLANG_WARN_BLOCK_CAPTURE_AUTORELEASING = YES;
				CLANG_WARN_BOOL_CONVERSION = YES;
				CLANG_WARN_COMMA = YES;
				CLANG_WARN_CONSTANT_CONVERSION = YES;
				CLANG_WARN_DEPRECATED_OBJC_IMPLEMENTATIONS = YES;
				CLANG_WARN_DIRECT_OBJC_ISA_USAGE = YES_ERROR;
				CLANG_WARN_EMPTY_BODY = YES;
				CLANG_WARN_ENUM_CONVERSION = YES;
				CLANG_WARN_INFINITE_RECURSION = YES;
				CLANG_WARN_INT_CONVERSION = YES;
				CLANG_WARN_NON_LITERAL_NULL_CONVERSION = YES;
				CLANG_WARN_OBJC_IMPLICIT_RETAIN_SELF = YES;
				CLANG_WARN_OBJC_LITERAL_CONVERSION = YES;
				CLANG_WARN_OBJC_ROOT_CLASS = YES_ERROR;
				CLANG_WARN_RANGE_LOOP_ANALYSIS = YES;
				CLANG_WARN_STRICT_PROTOTYPES = YES;
				CLANG_WARN_SUSPICIOUS_MOVE = YES;
				CLANG_WARN_UNREACHABLE_CODE = YES;
				CLANG_WARN__DUPLICATE_METHOD_MATCH = YES;
				"CODE_SIGN_IDENTITY[sdk=iphoneos*]" = "iPhone Developer";
				COPY_PHASE_STRIP = YES;
				ENABLE_BITCODE = NO;
				ENABLE_NS_ASSERTIONS = NO;
				ENABLE_STRICT_OBJC_MSGSEND = YES;
				GCC_C_LANGUAGE_STANDARD = gnu99;
				GCC_NO_COMMON_BLOCKS = YES;
				GCC_WARN_64_TO_32_BIT_CONVERSION = YES;
				GCC_WARN_ABOUT_RETURN_TYPE = YES_ERROR;
				GCC_WARN_UNDECLARED_SELECTOR = YES;
				GCC_WARN_UNINITIALIZED_AUTOS = YES_AGGRESSIVE;
				GCC_WARN_UNUSED_FUNCTION = YES;
				GCC_WARN_UNUSED_VARIABLE = YES;
				IPHONEOS_DEPLOYMENT_TARGET = 8.0;
				MTL_ENABLE_DEBUG_INFO = NO;
				SDKROOT = iphoneos;
				SWIFT_OPTIMIZATION_LEVEL = "-Owholemodule";
				TARGETED_DEVICE_FAMILY = "1,2";
				VALIDATE_PRODUCT = YES;
			};
			name = Release;
		};
		5F5A53951ADE67D500F81DF0 /* Debug */ = {
			isa = XCBuildConfiguration;
			baseConfigurationReference = D03378B536F777E174192EBE /* Pods-SecurePostsExample.debug.xcconfig */;
			buildSettings = {
				ASSETCATALOG_COMPILER_APPICON_NAME = AppIcon;
				ASSETCATALOG_COMPILER_LAUNCHIMAGE_NAME = LaunchImage;
				CLANG_ENABLE_MODULES = YES;
				"CODE_SIGN_IDENTITY[sdk=iphoneos*]" = "iPhone Developer";
				DEVELOPMENT_TEAM = "";
				INFOPLIST_FILE = "$(SRCROOT)/SecurePostsExample/Info.plist";
				IPHONEOS_DEPLOYMENT_TARGET = 8.0;
				LD_RUNPATH_SEARCH_PATHS = "$(inherited) @executable_path/Frameworks";
				PRODUCT_BUNDLE_IDENTIFIER = com.google.firebase.quickstart.DatabaseExample;
				PRODUCT_NAME = "$(TARGET_NAME)";
				PROVISIONING_PROFILE_SPECIFIER = "";
				SWIFT_OBJC_BRIDGING_HEADER = "SecurePostsExample/SecurePostsExample-Bridging-Header.h";
				SWIFT_OPTIMIZATION_LEVEL = "-Onone";
				SWIFT_SWIFT3_OBJC_INFERENCE = Default;
				SWIFT_VERSION = 3.0;
			};
			name = Debug;
		};
		5F5A53961ADE67D500F81DF0 /* Release */ = {
			isa = XCBuildConfiguration;
			baseConfigurationReference = 1930BE5C00D48AC26C5F2395 /* Pods-SecurePostsExample.release.xcconfig */;
			buildSettings = {
				ASSETCATALOG_COMPILER_APPICON_NAME = AppIcon;
				ASSETCATALOG_COMPILER_LAUNCHIMAGE_NAME = LaunchImage;
				CLANG_ENABLE_MODULES = YES;
				"CODE_SIGN_IDENTITY[sdk=iphoneos*]" = "iPhone Developer";
				DEVELOPMENT_TEAM = "";
				INFOPLIST_FILE = "$(SRCROOT)/SecurePostsExample/Info.plist";
				IPHONEOS_DEPLOYMENT_TARGET = 8.0;
				LD_RUNPATH_SEARCH_PATHS = "$(inherited) @executable_path/Frameworks";
				PRODUCT_BUNDLE_IDENTIFIER = com.google.firebase.quickstart.DatabaseExample;
				PRODUCT_NAME = "$(TARGET_NAME)";
				PROVISIONING_PROFILE_SPECIFIER = "";
				SWIFT_OBJC_BRIDGING_HEADER = "SecurePostsExample/SecurePostsExample-Bridging-Header.h";
				SWIFT_OPTIMIZATION_LEVEL = "-Owholemodule";
				SWIFT_SWIFT3_OBJC_INFERENCE = Default;
				SWIFT_VERSION = 3.0;
			};
			name = Release;
		};
/* End XCBuildConfiguration section */

/* Begin XCConfigurationList section */
		5F5A53471ADE670C00F81DF0 /* Build configuration list for PBXProject "SecurePostsExample" */ = {
			isa = XCConfigurationList;
			buildConfigurations = (
				5F5A536D1ADE670C00F81DF0 /* Debug */,
				5F5A536E1ADE670C00F81DF0 /* Release */,
			);
			defaultConfigurationIsVisible = 0;
			defaultConfigurationName = Release;
		};
		5F5A53991ADE67D500F81DF0 /* Build configuration list for PBXNativeTarget "SecurePostsExample" */ = {
			isa = XCConfigurationList;
			buildConfigurations = (
				5F5A53951ADE67D500F81DF0 /* Debug */,
				5F5A53961ADE67D500F81DF0 /* Release */,
			);
			defaultConfigurationIsVisible = 0;
			defaultConfigurationName = Release;
		};
/* End XCConfigurationList section */
	};
	rootObject = 5F5A53441ADE670C00F81DF0 /* Project object */;
}
